# THIS IS AN AUTOGENERATED FILE. DO NOT EDIT THIS FILE DIRECTLY.
# yarn lockfile v1


babel-helper-evaluate-path@^0.5.0:
  version "0.5.0"
  resolved "http://registry.npm.taobao.org/babel-helper-evaluate-path/download/babel-helper-evaluate-path-0.5.0.tgz#a62fa9c4e64ff7ea5cea9353174ef023a900a67c"
  integrity sha1-pi+pxOZP9+pc6pNTF07wI6kApnw=

babel-helper-mark-eval-scopes@^0.4.3:
  version "0.4.3"
  resolved "http://registry.npm.taobao.org/babel-helper-mark-eval-scopes/download/babel-helper-mark-eval-scopes-0.4.3.tgz#d244a3bef9844872603ffb46e22ce8acdf551562"
  integrity sha1-0kSjvvmESHJgP/tG4izorN9VFWI=

babel-helper-remove-or-void@^0.4.3:
  version "0.4.3"
  resolved "http://registry.npm.taobao.org/babel-helper-remove-or-void/download/babel-helper-remove-or-void-0.4.3.tgz#a4f03b40077a0ffe88e45d07010dee241ff5ae60"
  integrity sha1-pPA7QAd6D/6I5F0HAQ3uJB/1rmA=

babel-plugin-minify-dead-code-elimination@^0.5.0:
  version "0.5.0"
  resolved "http://registry.npm.taobao.org/babel-plugin-minify-dead-code-elimination/download/babel-plugin-minify-dead-code-elimination-0.5.0.tgz#d23ef5445238ad06e8addf5c1cf6aec835bcda87"
  integrity sha1-0j71RFI4rQbord9cHPauyDW82oc=
  dependencies:
    babel-helper-evaluate-path "^0.5.0"
    babel-helper-mark-eval-scopes "^0.4.3"
    babel-helper-remove-or-void "^0.4.3"
    lodash.some "^4.6.0"

babel-plugin-transform-node-env-inline@^0.4.3:
  version "0.4.3"
  resolved "http://registry.npm.taobao.org/babel-plugin-transform-node-env-inline/download/babel-plugin-transform-node-env-inline-0.4.3.tgz#8c84cd74d58f17b0fdf76144a3589f610c3c2497"
  integrity sha1-jITNdNWPF7D992FEo1ifYQw8JJc=

lodash.some@^4.6.0:
  version "4.6.0"
  resolved "http://registry.npm.taobao.org/lodash.some/download/lodash.some-4.6.0.tgz#1bb9f314ef6b8baded13b549169b2a945eb68e4d"
  integrity sha1-G7nzFO9ri63tE7VJFpsqlF62jk0=
